
Microsoft Visual Studio Solution File, Format Version 12.00
# Visual Studio Version 16
VisualStudioVersion = 16.0.29324.140
MinimumVisualStudioVersion = 10.0.40219.1
Project("{FAE04EC0-301F-11D3-BF4B-00C04F79EFBC}") = "ReadAndQuery", "ReadAndQuery\ReadAndQuery.csproj", "{61591714-7AE6-4969-B48E-0D714002B11F}"
EndProject
Project("{FAE04EC0-301F-11D3-BF4B-00C04F79EFBC}") = "MyMath", "MyMath\MyMath.csproj", "{ACE3A4AB-96C5-4176-97C0-B5CB404EFA0A}"
EndProject
Project("{FAE04EC0-301F-11D3-BF4B-00C04F79EFBC}") = "MyMath1.UnitTests", "MyMath1Tests\MyMath1.UnitTests.csproj", "{97FEDA36-33AD-417D-A233-EF41C497EE04}"
EndProject
Global
	GlobalSection(SolutionConfigurationPlatforms) = preSolution
		Debug|Any CPU = Debug|Any CPU
		Release|Any CPU = Release|Any CPU
	EndGlobalSection
	GlobalSection(ProjectConfigurationPlatforms) = postSolution
		{61591714-7AE6-4969-B48E-0D714002B11F}.Debug|Any CPU.ActiveCfg = Debug|Any CPU
		{61591714-7AE6-4969-B48E-0D714002B11F}.Debug|Any CPU.Build.0 = Debug|Any CPU
		{61591714-7AE6-4969-B48E-0D714002B11F}.Release|Any CPU.ActiveCfg = Release|Any CPU
		{61591714-7AE6-4969-B48E-0D714002B11F}.Release|Any CPU.Build.0 = Release|Any CPU
		{ACE3A4AB-96C5-4176-97C0-B5CB404EFA0A}.Debug|Any CPU.ActiveCfg = Debug|Any CPU
		{ACE3A4AB-96C5-4176-97C0-B5CB404EFA0A}.Debug|Any CPU.Build.0 = Debug|Any CPU
		{ACE3A4AB-96C5-4176-97C0-B5CB404EFA0A}.Release|Any CPU.ActiveCfg = Release|Any CPU
		{ACE3A4AB-96C5-4176-97C0-B5CB404EFA0A}.Release|Any CPU.Build.0 = Release|Any CPU
		{97FEDA36-33AD-417D-A233-EF41C497EE04}.Debug|Any CPU.ActiveCfg = Debug|Any CPU
		{97FEDA36-33AD-417D-A233-EF41C497EE04}.Debug|Any CPU.Build.0 = Debug|Any CPU
		{97FEDA36-33AD-417D-A233-EF41C497EE04}.Release|Any CPU.ActiveCfg = Release|Any CPU
		{97FEDA36-33AD-417D-A233-EF41C497EE04}.Release|Any CPU.Build.0 = Release|Any CPU
	EndGlobalSection
	GlobalSection(SolutionProperties) = preSolution
		HideSolutionNode = FALSE
	EndGlobalSection
	GlobalSection(ExtensibilityGlobals) = postSolution
		SolutionGuid = {996278CC-BA19-4A4D-BBC5-15906F3028FD}
	EndGlobalSection
EndGlobal
